// !$*UTF8*$!
{
	archiveVersion = 1;
	classes = {
	};
	objectVersion = 54;
	objects = {

/* Begin PBXBuildFile section */
		00E356F31AD99517003FC87E /* MedBotTests.m in Sources */ = {isa = PBXBuildFile; fileRef = 00E356F21AD99517003FC87E /* MedBotTests.m */; };
		0C80B921A6F3F58F76C31292 /* libPods-MedBot.a in Frameworks */ = {isa = PBXBuildFile; fileRef = 5DCACB8F33CDC322A6C60F78 /* libPods-MedBot.a */; };
		13B07FBC1A68108700A75B9A /* AppDelegate.mm in Sources */ = {isa = PBXBuildFile; fileRef = 13B07FB01A68108700A75B9A /* AppDelegate.mm */; };
		13B07FBF1A68108700A75B9A /* Images.xcassets in Resources */ = {isa = PBXBuildFile; fileRef = 13B07FB51A68108700A75B9A /* Images.xcassets */; };
		13B07FC11A68108700A75B9A /* main.m in Sources */ = {isa = PBXBuildFile; fileRef = 13B07FB71A68108700A75B9A /* main.m */; };
		7699B88040F8A987B510C191 /* libPods-MedBot-MedBotTests.a in Frameworks */ = {isa = PBXBuildFile; fileRef = 19F6CBCC0A4E27FBF8BF4A61 /* libPods-MedBot-MedBotTests.a */; };
		81AB9BB82411601600AC10FF /* LaunchScreen.storyboard in Resources */ = {isa = PBXBuildFile; fileRef = 81AB9BB72411601600AC10FF /* LaunchScreen.storyboard */; };
		FDFF19E4D4A6454CB43A4122 /* icomoon.ttf in Resources */ = {isa = PBXBuildFile; fileRef = 1EACBD2311EA48FD881B2A18 /* icomoon.ttf */; };
		5B72887F098440BF833D3D1D /* Inter-VariableFont_slnt,wght.ttf in Resources */ = {isa = PBXBuildFile; fileRef = 065602C2B9C54E9E80810110 /* Inter-VariableFont_slnt,wght.ttf */; };
		DE2B6D7ACF1448DE971E7C8D /* Inter-Black.ttf in Resources */ = {isa = PBXBuildFile; fileRef = 4AD9547E0A0648A989FBDE86 /* Inter-Black.ttf */; };
		8F1ADB888C704FFBB6F3E34C /* Inter-Bold.ttf in Resources */ = {isa = PBXBuildFile; fileRef = 0F77B416771847159D5D7E7B /* Inter-Bold.ttf */; };
		3B306807477B4E788AD788DA /* Inter-ExtraBold.ttf in Resources */ = {isa = PBXBuildFile; fileRef = 7093DE348D844306A9C5A330 /* Inter-ExtraBold.ttf */; };
		F385B969AED54CB6BA2C8E0A /* Inter-ExtraLight.ttf in Resources */ = {isa = PBXBuildFile; fileRef = 3636242790064224B6CEB76B /* Inter-ExtraLight.ttf */; };
		4E34CB667D224788A93B1176 /* Inter-Light.ttf in Resources */ = {isa = PBXBuildFile; fileRef = D78FA07CF2A04F49A9DE5922 /* Inter-Light.ttf */; };
		ED975A06CA9D4DA1B5928C8F /* Inter-Medium.ttf in Resources */ = {isa = PBXBuildFile; fileRef = 9D9363343BD64C7B86DAF58E /* Inter-Medium.ttf */; };
		3E2398AC97EC498BA0712407 /* Inter-Regular.ttf in Resources */ = {isa = PBXBuildFile; fileRef = 3FD301794A964FEBBDCA7A3C /* Inter-Regular.ttf */; };
		4A2026BEDFD249FEA541C8AC /* Inter-SemiBold.ttf in Resources */ = {isa = PBXBuildFile; fileRef = E2E772E0FADE406E8C8F5B21 /* Inter-SemiBold.ttf */; };
		AD8FC811FDEF405E8E3A3EF6 /* Inter-Thin.ttf in Resources */ = {isa = PBXBuildFile; fileRef = B478E92607A44720BE869F60 /* Inter-Thin.ttf */; };
		AE35AE7519164D49B03ED95B /* Nunito-Italic-VariableFont_wght.ttf in Resources */ = {isa = PBXBuildFile; fileRef = F3934BB6F71945B8BA24EF1A /* Nunito-Italic-VariableFont_wght.ttf */; };
		77D4F485E84043F79AD167BE /* Nunito-VariableFont_wght.ttf in Resources */ = {isa = PBXBuildFile; fileRef = 7C6186060A934AB1917847B1 /* Nunito-VariableFont_wght.ttf */; };
		B25CC2A810E0432BAA5E1524 /* Nunito-Black.ttf in Resources */ = {isa = PBXBuildFile; fileRef = EC53390301FE4F0BAEE1209C /* Nunito-Black.ttf */; };
		059F58BC470D4278B39FB3A3 /* Nunito-BlackItalic.ttf in Resources */ = {isa = PBXBuildFile; fileRef = 9C0E2B754F5B46948D0FC04E /* Nunito-BlackItalic.ttf */; };
		E36BDED5C1844A8CB87F5637 /* Nunito-Bold.ttf in Resources */ = {isa = PBXBuildFile; fileRef = BEFA39A47400447A97FC8247 /* Nunito-Bold.ttf */; };
		3DCF0154B0B54CD09280C47C /* Nunito-BoldItalic.ttf in Resources */ = {isa = PBXBuildFile; fileRef = CFC77ADD73574F6486F76B96 /* Nunito-BoldItalic.ttf */; };
		5185315937E04B98ACA20A71 /* Nunito-ExtraBold.ttf in Resources */ = {isa = PBXBuildFile; fileRef = FB70778EF4AA4CD1A742D1C8 /* Nunito-ExtraBold.ttf */; };
		C3BDB10CC7AE4AA496C5B943 /* Nunito-ExtraBoldItalic.ttf in Resources */ = {isa = PBXBuildFile; fileRef = 6FBB8D8944E6473587B27FB7 /* Nunito-ExtraBoldItalic.ttf */; };
		CEB70200EE15419FA2997DC1 /* Nunito-ExtraLight.ttf in Resources */ = {isa = PBXBuildFile; fileRef = F98DBD99017C484993623C48 /* Nunito-ExtraLight.ttf */; };
		8E98968DF2EE4F9483F15843 /* Nunito-ExtraLightItalic.ttf in Resources */ = {isa = PBXBuildFile; fileRef = 0D22EB22F6F7423B86273026 /* Nunito-ExtraLightItalic.ttf */; };
		A632B059B4B3424B8A2012DA /* Nunito-Italic.ttf in Resources */ = {isa = PBXBuildFile; fileRef = 56D586646FFC40AA92180FF9 /* Nunito-Italic.ttf */; };
		687D38E44D3342B0984E415F /* Nunito-Light.ttf in Resources */ = {isa = PBXBuildFile; fileRef = 077834761BB64F27A616E34B /* Nunito-Light.ttf */; };
		626BC191B5DB4341A8E772B6 /* Nunito-LightItalic.ttf in Resources */ = {isa = PBXBuildFile; fileRef = D3617C0C5D2B4BF9854B1CED /* Nunito-LightItalic.ttf */; };
		D9B1D17D4CCF46CEA8215CD7 /* Nunito-Medium.ttf in Resources */ = {isa = PBXBuildFile; fileRef = 18539D69ACA140679A38E888 /* Nunito-Medium.ttf */; };
		D128A9CB11FE428AA19A407A /* Nunito-MediumItalic.ttf in Resources */ = {isa = PBXBuildFile; fileRef = 70DC667ECFBE4368876822E9 /* Nunito-MediumItalic.ttf */; };
		D1D5CE377B564125A87856CA /* Nunito-Regular.ttf in Resources */ = {isa = PBXBuildFile; fileRef = 2C4BE3C2F68A42FE80762E10 /* Nunito-Regular.ttf */; };
		F8AFBFA30C7D43B2B8A601F0 /* Nunito-SemiBold.ttf in Resources */ = {isa = PBXBuildFile; fileRef = 4AE0F586BBCD4B62AA49CC7F /* Nunito-SemiBold.ttf */; };
		64B24D933CFA4CB58BAB4B38 /* Nunito-SemiBoldItalic.ttf in Resources */ = {isa = PBXBuildFile; fileRef = CA71D67A87F7428890B3F1AE /* Nunito-SemiBoldItalic.ttf */; };
		837E55155EAD418D88935173 /* demo.css in Resources */ = {isa = PBXBuildFile; fileRef = 6776A100996E43D2A0624B05 /* demo.css */; };
		3905298B5DB04BABB1F0AA99 /* demo.js in Resources */ = {isa = PBXBuildFile; fileRef = 9C8EDC3EEF1C4E6CB5C8921C /* demo.js */; };
		04373C47BDF444EF85DEE262 /* demo.html in Resources */ = {isa = PBXBuildFile; fileRef = 5AC44BD40A1E4B3B92F499A5 /* demo.html */; };
		F9296F68A16F4C5092E804D5 /* icomoon.eot in Resources */ = {isa = PBXBuildFile; fileRef = ED2E787C3B9245B0ADA959B3 /* icomoon.eot */; };
		2B52F8CD88244FCBA721E267 /* icomoon.svg in Resources */ = {isa = PBXBuildFile; fileRef = 4A373D7231734B77B6837B8D /* icomoon.svg */; };
		664C60A17207433CB8412A66 /* icomoon.woff in Resources */ = {isa = PBXBuildFile; fileRef = 7E4295F5D49E41B49FF0431B /* icomoon.woff */; };
		4BF8AA1CCDA54F9EB98AF9F3 /* Read Me.txt in Resources */ = {isa = PBXBuildFile; fileRef = F4CF625D1F474C2B8491F01D /* Read Me.txt */; };
		70B42B6BE2A347D197995A66 /* selection.json in Resources */ = {isa = PBXBuildFile; fileRef = 4E6A153FF72F426292C553E6 /* selection.json */; };
		D7723912AA0C4D65AC80F692 /* style.css in Resources */ = {isa = PBXBuildFile; fileRef = F4B326CA36CA41A49CCEC177 /* style.css */; };
		7610782088804EC9B613A06A /* icomoon.zip in Resources */ = {isa = PBXBuildFile; fileRef = 1DE080AC1E3C49548674291E /* icomoon.zip */; };
		93A4B5818A124F59BC3A1B92 /* OFL.txt in Resources */ = {isa = PBXBuildFile; fileRef = 181202EC305B4814B079C971 /* OFL.txt */; };
		26387F154FEC42118B45CC44 /* README.txt in Resources */ = {isa = PBXBuildFile; fileRef = 6EAD502C02954669AEB23FA5 /* README.txt */; };
		031FF4AB70FC480CA24409BA /* group150.png in Resources */ = {isa = PBXBuildFile; fileRef = 124F8DD16F8F43FF80C02A3E /* group150.png */; };
		E77A49B6511343F9911C0AE2 /* icon_google.png in Resources */ = {isa = PBXBuildFile; fileRef = 7B6EE0CE19304554BD8252D0 /* icon_google.png */; };
		906E49EC0E6C4F7B98C0C57C /* icon.png in Resources */ = {isa = PBXBuildFile; fileRef = 52AEA99F2BBE411880A508FF /* icon.png */; };
/* End PBXBuildFile section */

/* Begin PBXContainerItemProxy section */
		00E356F41AD99517003FC87E /* PBXContainerItemProxy */ = {
			isa = PBXContainerItemProxy;
			containerPortal = 83CBB9F71A601CBA00E9B192 /* Project object */;
			proxyType = 1;
			remoteGlobalIDString = 13B07F861A680F5B00A75B9A;
			remoteInfo = MedBot;
		};
/* End PBXContainerItemProxy section */

/* Begin PBXFileReference section */
		00E356EE1AD99517003FC87E /* MedBotTests.xctest */ = {isa = PBXFileReference; explicitFileType = wrapper.cfbundle; includeInIndex = 0; path = MedBotTests.xctest; sourceTree = BUILT_PRODUCTS_DIR; };
		00E356F11AD99517003FC87E /* Info.plist */ = {isa = PBXFileReference; lastKnownFileType = text.plist.xml; path = Info.plist; sourceTree = "<group>"; };
		00E356F21AD99517003FC87E /* MedBotTests.m */ = {isa = PBXFileReference; lastKnownFileType = sourcecode.c.objc; path = MedBotTests.m; sourceTree = "<group>"; };
		13B07F961A680F5B00A75B9A /* MedBot.app */ = {isa = PBXFileReference; explicitFileType = wrapper.application; includeInIndex = 0; path = MedBot.app; sourceTree = BUILT_PRODUCTS_DIR; };
		13B07FAF1A68108700A75B9A /* AppDelegate.h */ = {isa = PBXFileReference; fileEncoding = 4; lastKnownFileType = sourcecode.c.h; name = AppDelegate.h; path = MedBot/AppDelegate.h; sourceTree = "<group>"; };
		13B07FB01A68108700A75B9A /* AppDelegate.mm */ = {isa = PBXFileReference; fileEncoding = 4; lastKnownFileType = sourcecode.cpp.objcpp; name = AppDelegate.mm; path = MedBot/AppDelegate.mm; sourceTree = "<group>"; };
		13B07FB51A68108700A75B9A /* Images.xcassets */ = {isa = PBXFileReference; lastKnownFileType = folder.assetcatalog; name = Images.xcassets; path = MedBot/Images.xcassets; sourceTree = "<group>"; };
		13B07FB61A68108700A75B9A /* Info.plist */ = {isa = PBXFileReference; fileEncoding = 4; lastKnownFileType = text.plist.xml; name = Info.plist; path = MedBot/Info.plist; sourceTree = "<group>"; };
		13B07FB71A68108700A75B9A /* main.m */ = {isa = PBXFileReference; fileEncoding = 4; lastKnownFileType = sourcecode.c.objc; name = main.m; path = MedBot/main.m; sourceTree = "<group>"; };
		19F6CBCC0A4E27FBF8BF4A61 /* libPods-MedBot-MedBotTests.a */ = {isa = PBXFileReference; explicitFileType = archive.ar; includeInIndex = 0; path = "libPods-MedBot-MedBotTests.a"; sourceTree = BUILT_PRODUCTS_DIR; };
		3B4392A12AC88292D35C810B /* Pods-MedBot.debug.xcconfig */ = {isa = PBXFileReference; includeInIndex = 1; lastKnownFileType = text.xcconfig; name = "Pods-MedBot.debug.xcconfig"; path = "Target Support Files/Pods-MedBot/Pods-MedBot.debug.xcconfig"; sourceTree = "<group>"; };
		5709B34CF0A7D63546082F79 /* Pods-MedBot.release.xcconfig */ = {isa = PBXFileReference; includeInIndex = 1; lastKnownFileType = text.xcconfig; name = "Pods-MedBot.release.xcconfig"; path = "Target Support Files/Pods-MedBot/Pods-MedBot.release.xcconfig"; sourceTree = "<group>"; };
		5B7EB9410499542E8C5724F5 /* Pods-MedBot-MedBotTests.debug.xcconfig */ = {isa = PBXFileReference; includeInIndex = 1; lastKnownFileType = text.xcconfig; name = "Pods-MedBot-MedBotTests.debug.xcconfig"; path = "Target Support Files/Pods-MedBot-MedBotTests/Pods-MedBot-MedBotTests.debug.xcconfig"; sourceTree = "<group>"; };
		5DCACB8F33CDC322A6C60F78 /* libPods-MedBot.a */ = {isa = PBXFileReference; explicitFileType = archive.ar; includeInIndex = 0; path = "libPods-MedBot.a"; sourceTree = BUILT_PRODUCTS_DIR; };
		81AB9BB72411601600AC10FF /* LaunchScreen.storyboard */ = {isa = PBXFileReference; fileEncoding = 4; lastKnownFileType = file.storyboard; name = LaunchScreen.storyboard; path = MedBot/LaunchScreen.storyboard; sourceTree = "<group>"; };
		89C6BE57DB24E9ADA2F236DE /* Pods-MedBot-MedBotTests.release.xcconfig */ = {isa = PBXFileReference; includeInIndex = 1; lastKnownFileType = text.xcconfig; name = "Pods-MedBot-MedBotTests.release.xcconfig"; path = "Target Support Files/Pods-MedBot-MedBotTests/Pods-MedBot-MedBotTests.release.xcconfig"; sourceTree = "<group>"; };
		ED297162215061F000B7C4FE /* JavaScriptCore.framework */ = {isa = PBXFileReference; lastKnownFileType = wrapper.framework; name = JavaScriptCore.framework; path = System/Library/Frameworks/JavaScriptCore.framework; sourceTree = SDKROOT; };
		1EACBD2311EA48FD881B2A18 /* icomoon.ttf */ = {isa = PBXFileReference; name = "icomoon.ttf"; path = "../src/assets/fonts/icomoon/fonts/icomoon.ttf"; sourceTree = "<group>"; fileEncoding = undefined; lastKnownFileType = unknown; explicitFileType = undefined; includeInIndex = 0; };
		065602C2B9C54E9E80810110 /* Inter-VariableFont_slnt,wght.ttf */ = {isa = PBXFileReference; name = "Inter-VariableFont_slnt,wght.ttf"; path = "../src/assets/fonts/Inter/Inter-VariableFont_slnt,wght.ttf"; sourceTree = "<group>"; fileEncoding = undefined; lastKnownFileType = unknown; explicitFileType = undefined; includeInIndex = 0; };
		4AD9547E0A0648A989FBDE86 /* Inter-Black.ttf */ = {isa = PBXFileReference; name = "Inter-Black.ttf"; path = "../src/assets/fonts/Inter/static/Inter-Black.ttf"; sourceTree = "<group>"; fileEncoding = undefined; lastKnownFileType = unknown; explicitFileType = undefined; includeInIndex = 0; };
		0F77B416771847159D5D7E7B /* Inter-Bold.ttf */ = {isa = PBXFileReference; name = "Inter-Bold.ttf"; path = "../src/assets/fonts/Inter/static/Inter-Bold.ttf"; sourceTree = "<group>"; fileEncoding = undefined; lastKnownFileType = unknown; explicitFileType = undefined; includeInIndex = 0; };
		7093DE348D844306A9C5A330 /* Inter-ExtraBold.ttf */ = {isa = PBXFileReference; name = "Inter-ExtraBold.ttf"; path = "../src/assets/fonts/Inter/static/Inter-ExtraBold.ttf"; sourceTree = "<group>"; fileEncoding = undefined; lastKnownFileType = unknown; explicitFileType = undefined; includeInIndex = 0; };
		3636242790064224B6CEB76B /* Inter-ExtraLight.ttf */ = {isa = PBXFileReference; name = "Inter-ExtraLight.ttf"; path = "../src/assets/fonts/Inter/static/Inter-ExtraLight.ttf"; sourceTree = "<group>"; fileEncoding = undefined; lastKnownFileType = unknown; explicitFileType = undefined; includeInIndex = 0; };
		D78FA07CF2A04F49A9DE5922 /* Inter-Light.ttf */ = {isa = PBXFileReference; name = "Inter-Light.ttf"; path = "../src/assets/fonts/Inter/static/Inter-Light.ttf"; sourceTree = "<group>"; fileEncoding = undefined; lastKnownFileType = unknown; explicitFileType = undefined; includeInIndex = 0; };
		9D9363343BD64C7B86DAF58E /* Inter-Medium.ttf */ = {isa = PBXFileReference; name = "Inter-Medium.ttf"; path = "../src/assets/fonts/Inter/static/Inter-Medium.ttf"; sourceTree = "<group>"; fileEncoding = undefined; lastKnownFileType = unknown; explicitFileType = undefined; includeInIndex = 0; };
		3FD301794A964FEBBDCA7A3C /* Inter-Regular.ttf */ = {isa = PBXFileReference; name = "Inter-Regular.ttf"; path = "../src/assets/fonts/Inter/static/Inter-Regular.ttf"; sourceTree = "<group>"; fileEncoding = undefined; lastKnownFileType = unknown; explicitFileType = undefined; includeInIndex = 0; };
		E2E772E0FADE406E8C8F5B21 /* Inter-SemiBold.ttf */ = {isa = PBXFileReference; name = "Inter-SemiBold.ttf"; path = "../src/assets/fonts/Inter/static/Inter-SemiBold.ttf"; sourceTree = "<group>"; fileEncoding = undefined; lastKnownFileType = unknown; explicitFileType = undefined; includeInIndex = 0; };
		B478E92607A44720BE869F60 /* Inter-Thin.ttf */ = {isa = PBXFileReference; name = "Inter-Thin.ttf"; path = "../src/assets/fonts/Inter/static/Inter-Thin.ttf"; sourceTree = "<group>"; fileEncoding = undefined; lastKnownFileType = unknown; explicitFileType = undefined; includeInIndex = 0; };
		F3934BB6F71945B8BA24EF1A /* Nunito-Italic-VariableFont_wght.ttf */ = {isa = PBXFileReference; name = "Nunito-Italic-VariableFont_wght.ttf"; path = "../src/assets/fonts/Nunito/Nunito-Italic-VariableFont_wght.ttf"; sourceTree = "<group>"; fileEncoding = undefined; lastKnownFileType = unknown; explicitFileType = undefined; includeInIndex = 0; };
		7C6186060A934AB1917847B1 /* Nunito-VariableFont_wght.ttf */ = {isa = PBXFileReference; name = "Nunito-VariableFont_wght.ttf"; path = "../src/assets/fonts/Nunito/Nunito-VariableFont_wght.ttf"; sourceTree = "<group>"; fileEncoding = undefined; lastKnownFileType = unknown; explicitFileType = undefined; includeInIndex = 0; };
		EC53390301FE4F0BAEE1209C /* Nunito-Black.ttf */ = {isa = PBXFileReference; name = "Nunito-Black.ttf"; path = "../src/assets/fonts/Nunito/static/Nunito-Black.ttf"; sourceTree = "<group>"; fileEncoding = undefined; lastKnownFileType = unknown; explicitFileType = undefined; includeInIndex = 0; };
		9C0E2B754F5B46948D0FC04E /* Nunito-BlackItalic.ttf */ = {isa = PBXFileReference; name = "Nunito-BlackItalic.ttf"; path = "../src/assets/fonts/Nunito/static/Nunito-BlackItalic.ttf"; sourceTree = "<group>"; fileEncoding = undefined; lastKnownFileType = unknown; explicitFileType = undefined; includeInIndex = 0; };
		BEFA39A47400447A97FC8247 /* Nunito-Bold.ttf */ = {isa = PBXFileReference; name = "Nunito-Bold.ttf"; path = "../src/assets/fonts/Nunito/static/Nunito-Bold.ttf"; sourceTree = "<group>"; fileEncoding = undefined; lastKnownFileType = unknown; explicitFileType = undefined; includeInIndex = 0; };
		CFC77ADD73574F6486F76B96 /* Nunito-BoldItalic.ttf */ = {isa = PBXFileReference; name = "Nunito-BoldItalic.ttf"; path = "../src/assets/fonts/Nunito/static/Nunito-BoldItalic.ttf"; sourceTree = "<group>"; fileEncoding = undefined; lastKnownFileType = unknown; explicitFileType = undefined; includeInIndex = 0; };
		FB70778EF4AA4CD1A742D1C8 /* Nunito-ExtraBold.ttf */ = {isa = PBXFileReference; name = "Nunito-ExtraBold.ttf"; path = "../src/assets/fonts/Nunito/static/Nunito-ExtraBold.ttf"; sourceTree = "<group>"; fileEncoding = undefined; lastKnownFileType = unknown; explicitFileType = undefined; includeInIndex = 0; };
		6FBB8D8944E6473587B27FB7 /* Nunito-ExtraBoldItalic.ttf */ = {isa = PBXFileReference; name = "Nunito-ExtraBoldItalic.ttf"; path = "../src/assets/fonts/Nunito/static/Nunito-ExtraBoldItalic.ttf"; sourceTree = "<group>"; fileEncoding = undefined; lastKnownFileType = unknown; explicitFileType = undefined; includeInIndex = 0; };
		F98DBD99017C484993623C48 /* Nunito-ExtraLight.ttf */ = {isa = PBXFileReference; name = "Nunito-ExtraLight.ttf"; path = "../src/assets/fonts/Nunito/static/Nunito-ExtraLight.ttf"; sourceTree = "<group>"; fileEncoding = undefined; lastKnownFileType = unknown; explicitFileType = undefined; includeInIndex = 0; };
		0D22EB22F6F7423B86273026 /* Nunito-ExtraLightItalic.ttf */ = {isa = PBXFileReference; name = "Nunito-ExtraLightItalic.ttf"; path = "../src/assets/fonts/Nunito/static/Nunito-ExtraLightItalic.ttf"; sourceTree = "<group>"; fileEncoding = undefined; lastKnownFileType = unknown; explicitFileType = undefined; includeInIndex = 0; };
		56D586646FFC40AA92180FF9 /* Nunito-Italic.ttf */ = {isa = PBXFileReference; name = "Nunito-Italic.ttf"; path = "../src/assets/fonts/Nunito/static/Nunito-Italic.ttf"; sourceTree = "<group>"; fileEncoding = undefined; lastKnownFileType = unknown; explicitFileType = undefined; includeInIndex = 0; };
		077834761BB64F27A616E34B /* Nunito-Light.ttf */ = {isa = PBXFileReference; name = "Nunito-Light.ttf"; path = "../src/assets/fonts/Nunito/static/Nunito-Light.ttf"; sourceTree = "<group>"; fileEncoding = undefined; lastKnownFileType = unknown; explicitFileType = undefined; includeInIndex = 0; };
		D3617C0C5D2B4BF9854B1CED /* Nunito-LightItalic.ttf */ = {isa = PBXFileReference; name = "Nunito-LightItalic.ttf"; path = "../src/assets/fonts/Nunito/static/Nunito-LightItalic.ttf"; sourceTree = "<group>"; fileEncoding = undefined; lastKnownFileType = unknown; explicitFileType = undefined; includeInIndex = 0; };
		18539D69ACA140679A38E888 /* Nunito-Medium.ttf */ = {isa = PBXFileReference; name = "Nunito-Medium.ttf"; path = "../src/assets/fonts/Nunito/static/Nunito-Medium.ttf"; sourceTree = "<group>"; fileEncoding = undefined; lastKnownFileType = unknown; explicitFileType = undefined; includeInIndex = 0; };
		70DC667ECFBE4368876822E9 /* Nunito-MediumItalic.ttf */ = {isa = PBXFileReference; name = "Nunito-MediumItalic.ttf"; path = "../src/assets/fonts/Nunito/static/Nunito-MediumItalic.ttf"; sourceTree = "<group>"; fileEncoding = undefined; lastKnownFileType = unknown; explicitFileType = undefined; includeInIndex = 0; };
		2C4BE3C2F68A42FE80762E10 /* Nunito-Regular.ttf */ = {isa = PBXFileReference; name = "Nunito-Regular.ttf"; path = "../src/assets/fonts/Nunito/static/Nunito-Regular.ttf"; sourceTree = "<group>"; fileEncoding = undefined; lastKnownFileType = unknown; explicitFileType = undefined; includeInIndex = 0; };
		4AE0F586BBCD4B62AA49CC7F /* Nunito-SemiBold.ttf */ = {isa = PBXFileReference; name = "Nunito-SemiBold.ttf"; path = "../src/assets/fonts/Nunito/static/Nunito-SemiBold.ttf"; sourceTree = "<group>"; fileEncoding = undefined; lastKnownFileType = unknown; explicitFileType = undefined; includeInIndex = 0; };
		CA71D67A87F7428890B3F1AE /* Nunito-SemiBoldItalic.ttf */ = {isa = PBXFileReference; name = "Nunito-SemiBoldItalic.ttf"; path = "../src/assets/fonts/Nunito/static/Nunito-SemiBoldItalic.ttf"; sourceTree = "<group>"; fileEncoding = undefined; lastKnownFileType = unknown; explicitFileType = undefined; includeInIndex = 0; };
		6776A100996E43D2A0624B05 /* demo.css */ = {isa = PBXFileReference; name = "demo.css"; path = "../src/assets/fonts/icomoon/demo-files/demo.css"; sourceTree = "<group>"; fileEncoding = undefined; lastKnownFileType = unknown; explicitFileType = undefined; includeInIndex = 0; };
		9C8EDC3EEF1C4E6CB5C8921C /* demo.js */ = {isa = PBXFileReference; name = "demo.js"; path = "../src/assets/fonts/icomoon/demo-files/demo.js"; sourceTree = "<group>"; fileEncoding = undefined; lastKnownFileType = unknown; explicitFileType = undefined; includeInIndex = 0; };
		5AC44BD40A1E4B3B92F499A5 /* demo.html */ = {isa = PBXFileReference; name = "demo.html"; path = "../src/assets/fonts/icomoon/demo.html"; sourceTree = "<group>"; fileEncoding = undefined; lastKnownFileType = unknown; explicitFileType = undefined; includeInIndex = 0; };
		ED2E787C3B9245B0ADA959B3 /* icomoon.eot */ = {isa = PBXFileReference; name = "icomoon.eot"; path = "../src/assets/fonts/icomoon/fonts/icomoon.eot"; sourceTree = "<group>"; fileEncoding = undefined; lastKnownFileType = unknown; explicitFileType = undefined; includeInIndex = 0; };
		4A373D7231734B77B6837B8D /* icomoon.svg */ = {isa = PBXFileReference; name = "icomoon.svg"; path = "../src/assets/fonts/icomoon/fonts/icomoon.svg"; sourceTree = "<group>"; fileEncoding = undefined; lastKnownFileType = unknown; explicitFileType = undefined; includeInIndex = 0; };
		7E4295F5D49E41B49FF0431B /* icomoon.woff */ = {isa = PBXFileReference; name = "icomoon.woff"; path = "../src/assets/fonts/icomoon/fonts/icomoon.woff"; sourceTree = "<group>"; fileEncoding = undefined; lastKnownFileType = unknown; explicitFileType = undefined; includeInIndex = 0; };
		F4CF625D1F474C2B8491F01D /* Read Me.txt */ = {isa = PBXFileReference; name = "Read Me.txt"; path = "../src/assets/fonts/icomoon/Read Me.txt"; sourceTree = "<group>"; fileEncoding = undefined; lastKnownFileType = unknown; explicitFileType = undefined; includeInIndex = 0; };
		4E6A153FF72F426292C553E6 /* selection.json */ = {isa = PBXFileReference; name = "selection.json"; path = "../src/assets/fonts/icomoon/selection.json"; sourceTree = "<group>"; fileEncoding = undefined; lastKnownFileType = unknown; explicitFileType = undefined; includeInIndex = 0; };
		F4B326CA36CA41A49CCEC177 /* style.css */ = {isa = PBXFileReference; name = "style.css"; path = "../src/assets/fonts/icomoon/style.css"; sourceTree = "<group>"; fileEncoding = undefined; lastKnownFileType = unknown; explicitFileType = undefined; includeInIndex = 0; };
		1DE080AC1E3C49548674291E /* icomoon.zip */ = {isa = PBXFileReference; name = "icomoon.zip"; path = "../src/assets/fonts/icomoon.zip"; sourceTree = "<group>"; fileEncoding = undefined; lastKnownFileType = unknown; explicitFileType = undefined; includeInIndex = 0; };
		181202EC305B4814B079C971 /* OFL.txt */ = {isa = PBXFileReference; name = "OFL.txt"; path = "../src/assets/fonts/Inter/OFL.txt"; sourceTree = "<group>"; fileEncoding = undefined; lastKnownFileType = unknown; explicitFileType = undefined; includeInIndex = 0; };
		6EAD502C02954669AEB23FA5 /* README.txt */ = {isa = PBXFileReference; name = "README.txt"; path = "../src/assets/fonts/Inter/README.txt"; sourceTree = "<group>"; fileEncoding = undefined; lastKnownFileType = unknown; explicitFileType = undefined; includeInIndex = 0; };
		124F8DD16F8F43FF80C02A3E /* group150.png */ = {isa = PBXFileReference; name = "group150.png"; path = "../src/assets/images/group150.png"; sourceTree = "<group>"; fileEncoding = undefined; lastKnownFileType = unknown; explicitFileType = undefined; includeInIndex = 0; };
		7B6EE0CE19304554BD8252D0 /* icon_google.png */ = {isa = PBXFileReference; name = "icon_google.png"; path = "../src/assets/images/Google-icon/icon_google.png"; sourceTree = "<group>"; fileEncoding = undefined; lastKnownFileType = unknown; explicitFileType = undefined; includeInIndex = 0; };
		52AEA99F2BBE411880A508FF /* icon.png */ = {isa = PBXFileReference; name = "icon.png"; path = "../src/assets/icon/icon.png"; sourceTree = "<group>"; fileEncoding = undefined; lastKnownFileType = unknown; explicitFileType = undefined; includeInIndex = 0; };
/* End PBXFileReference section */

/* Begin PBXFrameworksBuildPhase section */
		00E356EB1AD99517003FC87E /* Frameworks */ = {
			isa = PBXFrameworksBuildPhase;
			buildActionMask = 2147483647;
			files = (
				7699B88040F8A987B510C191 /* libPods-MedBot-MedBotTests.a in Frameworks */,
			);
			runOnlyForDeploymentPostprocessing = 0;
		};
		13B07F8C1A680F5B00A75B9A /* Frameworks */ = {
			isa = PBXFrameworksBuildPhase;
			buildActionMask = 2147483647;
			files = (
				0C80B921A6F3F58F76C31292 /* libPods-MedBot.a in Frameworks */,
			);
			runOnlyForDeploymentPostprocessing = 0;
		};
/* End PBXFrameworksBuildPhase section */

/* Begin PBXGroup section */
		00E356EF1AD99517003FC87E /* MedBotTests */ = {
			isa = PBXGroup;
			children = (
				00E356F21AD99517003FC87E /* MedBotTests.m */,
				00E356F01AD99517003FC87E /* Supporting Files */,
			);
			path = MedBotTests;
			sourceTree = "<group>";
		};
		00E356F01AD99517003FC87E /* Supporting Files */ = {
			isa = PBXGroup;
			children = (
				00E356F11AD99517003FC87E /* Info.plist */,
			);
			name = "Supporting Files";
			sourceTree = "<group>";
		};
		13B07FAE1A68108700A75B9A /* MedBot */ = {
			isa = PBXGroup;
			children = (
				13B07FAF1A68108700A75B9A /* AppDelegate.h */,
				13B07FB01A68108700A75B9A /* AppDelegate.mm */,
				13B07FB51A68108700A75B9A /* Images.xcassets */,
				13B07FB61A68108700A75B9A /* Info.plist */,
				81AB9BB72411601600AC10FF /* LaunchScreen.storyboard */,
				13B07FB71A68108700A75B9A /* main.m */,
			);
			name = MedBot;
			sourceTree = "<group>";
		};
		2D16E6871FA4F8E400B85C8A /* Frameworks */ = {
			isa = PBXGroup;
			children = (
				ED297162215061F000B7C4FE /* JavaScriptCore.framework */,
				5DCACB8F33CDC322A6C60F78 /* libPods-MedBot.a */,
				19F6CBCC0A4E27FBF8BF4A61 /* libPods-MedBot-MedBotTests.a */,
			);
			name = Frameworks;
			sourceTree = "<group>";
		};
		832341AE1AAA6A7D00B99B32 /* Libraries */ = {
			isa = PBXGroup;
			children = (
			);
			name = Libraries;
			sourceTree = "<group>";
		};
		83CBB9F61A601CBA00E9B192 = {
			isa = PBXGroup;
			children = (
				13B07FAE1A68108700A75B9A /* MedBot */,
				832341AE1AAA6A7D00B99B32 /* Libraries */,
				00E356EF1AD99517003FC87E /* MedBotTests */,
				83CBBA001A601CBA00E9B192 /* Products */,
				2D16E6871FA4F8E400B85C8A /* Frameworks */,
				BBD78D7AC51CEA395F1C20DB /* Pods */,
				2FDD596C3CD1403C919A308F /* Resources */,
			);
			indentWidth = 2;
			sourceTree = "<group>";
			tabWidth = 2;
			usesTabs = 0;
		};
		83CBBA001A601CBA00E9B192 /* Products */ = {
			isa = PBXGroup;
			children = (
				13B07F961A680F5B00A75B9A /* MedBot.app */,
				00E356EE1AD99517003FC87E /* MedBotTests.xctest */,
			);
			name = Products;
			sourceTree = "<group>";
		};
		BBD78D7AC51CEA395F1C20DB /* Pods */ = {
			isa = PBXGroup;
			children = (
				3B4392A12AC88292D35C810B /* Pods-MedBot.debug.xcconfig */,
				5709B34CF0A7D63546082F79 /* Pods-MedBot.release.xcconfig */,
				5B7EB9410499542E8C5724F5 /* Pods-MedBot-MedBotTests.debug.xcconfig */,
				89C6BE57DB24E9ADA2F236DE /* Pods-MedBot-MedBotTests.release.xcconfig */,
			);
			path = Pods;
			sourceTree = "<group>";
		};
		2FDD596C3CD1403C919A308F /* Resources */ = {
			isa = "PBXGroup";
			children = (
				1EACBD2311EA48FD881B2A18 /* icomoon.ttf */,
				065602C2B9C54E9E80810110 /* Inter-VariableFont_slnt,wght.ttf */,
				4AD9547E0A0648A989FBDE86 /* Inter-Black.ttf */,
				0F77B416771847159D5D7E7B /* Inter-Bold.ttf */,
				7093DE348D844306A9C5A330 /* Inter-ExtraBold.ttf */,
				3636242790064224B6CEB76B /* Inter-ExtraLight.ttf */,
				D78FA07CF2A04F49A9DE5922 /* Inter-Light.ttf */,
				9D9363343BD64C7B86DAF58E /* Inter-Medium.ttf */,
				3FD301794A964FEBBDCA7A3C /* Inter-Regular.ttf */,
				E2E772E0FADE406E8C8F5B21 /* Inter-SemiBold.ttf */,
				B478E92607A44720BE869F60 /* Inter-Thin.ttf */,
				F3934BB6F71945B8BA24EF1A /* Nunito-Italic-VariableFont_wght.ttf */,
				7C6186060A934AB1917847B1 /* Nunito-VariableFont_wght.ttf */,
				EC53390301FE4F0BAEE1209C /* Nunito-Black.ttf */,
				9C0E2B754F5B46948D0FC04E /* Nunito-BlackItalic.ttf */,
				BEFA39A47400447A97FC8247 /* Nunito-Bold.ttf */,
				CFC77ADD73574F6486F76B96 /* Nunito-BoldItalic.ttf */,
				FB70778EF4AA4CD1A742D1C8 /* Nunito-ExtraBold.ttf */,
				6FBB8D8944E6473587B27FB7 /* Nunito-ExtraBoldItalic.ttf */,
				F98DBD99017C484993623C48 /* Nunito-ExtraLight.ttf */,
				0D22EB22F6F7423B86273026 /* Nunito-ExtraLightItalic.ttf */,
				56D586646FFC40AA92180FF9 /* Nunito-Italic.ttf */,
				077834761BB64F27A616E34B /* Nunito-Light.ttf */,
				D3617C0C5D2B4BF9854B1CED /* Nunito-LightItalic.ttf */,
				18539D69ACA140679A38E888 /* Nunito-Medium.ttf */,
				70DC667ECFBE4368876822E9 /* Nunito-MediumItalic.ttf */,
				2C4BE3C2F68A42FE80762E10 /* Nunito-Regular.ttf */,
				4AE0F586BBCD4B62AA49CC7F /* Nunito-SemiBold.ttf */,
				CA71D67A87F7428890B3F1AE /* Nunito-SemiBoldItalic.ttf */,
				6776A100996E43D2A0624B05 /* demo.css */,
				9C8EDC3EEF1C4E6CB5C8921C /* demo.js */,
				5AC44BD40A1E4B3B92F499A5 /* demo.html */,
				ED2E787C3B9245B0ADA959B3 /* icomoon.eot */,
				4A373D7231734B77B6837B8D /* icomoon.svg */,
				7E4295F5D49E41B49FF0431B /* icomoon.woff */,
				F4CF625D1F474C2B8491F01D /* Read Me.txt */,
				4E6A153FF72F426292C553E6 /* selection.json */,
				F4B326CA36CA41A49CCEC177 /* style.css */,
				1DE080AC1E3C49548674291E /* icomoon.zip */,
				181202EC305B4814B079C971 /* OFL.txt */,
				6EAD502C02954669AEB23FA5 /* README.txt */,
				124F8DD16F8F43FF80C02A3E /* group150.png */,
				7B6EE0CE19304554BD8252D0 /* icon_google.png */,
				52AEA99F2BBE411880A508FF /* icon.png */,
			);
			name = Resources;
			sourceTree = "<group>";
			path = "";
		};
/* End PBXGroup section */

/* Begin PBXNativeTarget section */
		00E356ED1AD99517003FC87E /* MedBotTests */ = {
			isa = PBXNativeTarget;
			buildConfigurationList = 00E357021AD99517003FC87E /* Build configuration list for PBXNativeTarget "MedBotTests" */;
			buildPhases = (
				A55EABD7B0C7F3A422A6CC61 /* [CP] Check Pods Manifest.lock */,
				00E356EA1AD99517003FC87E /* Sources */,
				00E356EB1AD99517003FC87E /* Frameworks */,
				00E356EC1AD99517003FC87E /* Resources */,
				C59DA0FBD6956966B86A3779 /* [CP] Embed Pods Frameworks */,
				F6A41C54EA430FDDC6A6ED99 /* [CP] Copy Pods Resources */,
			);
			buildRules = (
			);
			dependencies = (
				00E356F51AD99517003FC87E /* PBXTargetDependency */,
			);
			name = MedBotTests;
			productName = MedBotTests;
			productReference = 00E356EE1AD99517003FC87E /* MedBotTests.xctest */;
			productType = "com.apple.product-type.bundle.unit-test";
		};
		13B07F861A680F5B00A75B9A /* MedBot */ = {
			isa = PBXNativeTarget;
			buildConfigurationList = 13B07F931A680F5B00A75B9A /* Build configuration list for PBXNativeTarget "MedBot" */;
			buildPhases = (
				C38B50BA6285516D6DCD4F65 /* [CP] Check Pods Manifest.lock */,
				13B07F871A680F5B00A75B9A /* Sources */,
				13B07F8C1A680F5B00A75B9A /* Frameworks */,
				13B07F8E1A680F5B00A75B9A /* Resources */,
				00DD1BFF1BD5951E006B06BC /* Bundle React Native code and images */,
				00EEFC60759A1932668264C0 /* [CP] Embed Pods Frameworks */,
				E235C05ADACE081382539298 /* [CP] Copy Pods Resources */,
			);
			buildRules = (
			);
			dependencies = (
			);
			name = MedBot;
			productName = MedBot;
			productReference = 13B07F961A680F5B00A75B9A /* MedBot.app */;
			productType = "com.apple.product-type.application";
		};
/* End PBXNativeTarget section */

/* Begin PBXProject section */
		83CBB9F71A601CBA00E9B192 /* Project object */ = {
			isa = PBXProject;
			attributes = {
				LastUpgradeCheck = 1210;
				TargetAttributes = {
					00E356ED1AD99517003FC87E = {
						CreatedOnToolsVersion = 6.2;
						TestTargetID = 13B07F861A680F5B00A75B9A;
					};
					13B07F861A680F5B00A75B9A = {
						LastSwiftMigration = 1120;
					};
				};
			};
			buildConfigurationList = 83CBB9FA1A601CBA00E9B192 /* Build configuration list for PBXProject "MedBot" */;
			compatibilityVersion = "Xcode 12.0";
			developmentRegion = en;
			hasScannedForEncodings = 0;
			knownRegions = (
				en,
				Base,
			);
			mainGroup = 83CBB9F61A601CBA00E9B192;
			productRefGroup = 83CBBA001A601CBA00E9B192 /* Products */;
			projectDirPath = "";
			projectRoot = "";
			targets = (
				13B07F861A680F5B00A75B9A /* MedBot */,
				00E356ED1AD99517003FC87E /* MedBotTests */,
			);
		};
/* End PBXProject section */

/* Begin PBXResourcesBuildPhase section */
		00E356EC1AD99517003FC87E /* Resources */ = {
			isa = PBXResourcesBuildPhase;
			buildActionMask = 2147483647;
			files = (
			);
			runOnlyForDeploymentPostprocessing = 0;
		};
		13B07F8E1A680F5B00A75B9A /* Resources */ = {
			isa = PBXResourcesBuildPhase;
			buildActionMask = 2147483647;
			files = (
				81AB9BB82411601600AC10FF /* LaunchScreen.storyboard in Resources */,
				13B07FBF1A68108700A75B9A /* Images.xcassets in Resources */,
				FDFF19E4D4A6454CB43A4122 /* icomoon.ttf in Resources */,
				5B72887F098440BF833D3D1D /* Inter-VariableFont_slnt,wght.ttf in Resources */,
				DE2B6D7ACF1448DE971E7C8D /* Inter-Black.ttf in Resources */,
				8F1ADB888C704FFBB6F3E34C /* Inter-Bold.ttf in Resources */,
				3B306807477B4E788AD788DA /* Inter-ExtraBold.ttf in Resources */,
				F385B969AED54CB6BA2C8E0A /* Inter-ExtraLight.ttf in Resources */,
				4E34CB667D224788A93B1176 /* Inter-Light.ttf in Resources */,
				ED975A06CA9D4DA1B5928C8F /* Inter-Medium.ttf in Resources */,
				3E2398AC97EC498BA0712407 /* Inter-Regular.ttf in Resources */,
				4A2026BEDFD249FEA541C8AC /* Inter-SemiBold.ttf in Resources */,
				AD8FC811FDEF405E8E3A3EF6 /* Inter-Thin.ttf in Resources */,
				AE35AE7519164D49B03ED95B /* Nunito-Italic-VariableFont_wght.ttf in Resources */,
				77D4F485E84043F79AD167BE /* Nunito-VariableFont_wght.ttf in Resources */,
				B25CC2A810E0432BAA5E1524 /* Nunito-Black.ttf in Resources */,
				059F58BC470D4278B39FB3A3 /* Nunito-BlackItalic.ttf in Resources */,
				E36BDED5C1844A8CB87F5637 /* Nunito-Bold.ttf in Resources */,
				3DCF0154B0B54CD09280C47C /* Nunito-BoldItalic.ttf in Resources */,
				5185315937E04B98ACA20A71 /* Nunito-ExtraBold.ttf in Resources */,
				C3BDB10CC7AE4AA496C5B943 /* Nunito-ExtraBoldItalic.ttf in Resources */,
				CEB70200EE15419FA2997DC1 /* Nunito-ExtraLight.ttf in Resources */,
				8E98968DF2EE4F9483F15843 /* Nunito-ExtraLightItalic.ttf in Resources */,
				A632B059B4B3424B8A2012DA /* Nunito-Italic.ttf in Resources */,
				687D38E44D3342B0984E415F /* Nunito-Light.ttf in Resources */,
				626BC191B5DB4341A8E772B6 /* Nunito-LightItalic.ttf in Resources */,
				D9B1D17D4CCF46CEA8215CD7 /* Nunito-Medium.ttf in Resources */,
				D128A9CB11FE428AA19A407A /* Nunito-MediumItalic.ttf in Resources */,
				D1D5CE377B564125A87856CA /* Nunito-Regular.ttf in Resources */,
				F8AFBFA30C7D43B2B8A601F0 /* Nunito-SemiBold.ttf in Resources */,
				64B24D933CFA4CB58BAB4B38 /* Nunito-SemiBoldItalic.ttf in Resources */,
				837E55155EAD418D88935173 /* demo.css in Resources */,
				3905298B5DB04BABB1F0AA99 /* demo.js in Resources */,
				04373C47BDF444EF85DEE262 /* demo.html in Resources */,
				F9296F68A16F4C5092E804D5 /* icomoon.eot in Resources */,
				2B52F8CD88244FCBA721E267 /* icomoon.svg in Resources */,
				664C60A17207433CB8412A66 /* icomoon.woff in Resources */,
				4BF8AA1CCDA54F9EB98AF9F3 /* Read Me.txt in Resources */,
				70B42B6BE2A347D197995A66 /* selection.json in Resources */,
				D7723912AA0C4D65AC80F692 /* style.css in Resources */,
				7610782088804EC9B613A06A /* icomoon.zip in Resources */,
				93A4B5818A124F59BC3A1B92 /* OFL.txt in Resources */,
				26387F154FEC42118B45CC44 /* README.txt in Resources */,
				031FF4AB70FC480CA24409BA /* group150.png in Resources */,
				E77A49B6511343F9911C0AE2 /* icon_google.png in Resources */,
				906E49EC0E6C4F7B98C0C57C /* icon.png in Resources */,
			);
			runOnlyForDeploymentPostprocessing = 0;
		};
/* End PBXResourcesBuildPhase section */

/* Begin PBXShellScriptBuildPhase section */
		00DD1BFF1BD5951E006B06BC /* Bundle React Native code and images */ = {
			isa = PBXShellScriptBuildPhase;
			buildActionMask = 2147483647;
			files = (
			);
			inputPaths = (
				"$(SRCROOT)/.xcode.env.local",
				"$(SRCROOT)/.xcode.env",
			);
			name = "Bundle React Native code and images";
			outputPaths = (
			);
			runOnlyForDeploymentPostprocessing = 0;
			shellPath = /bin/sh;
			shellScript = "set -e\n\nWITH_ENVIRONMENT=\"../node_modules/react-native/scripts/xcode/with-environment.sh\"\nREACT_NATIVE_XCODE=\"../node_modules/react-native/scripts/react-native-xcode.sh\"\n\n/bin/sh -c \"$WITH_ENVIRONMENT $REACT_NATIVE_XCODE\"\n";
		};
		00EEFC60759A1932668264C0 /* [CP] Embed Pods Frameworks */ = {
			isa = PBXShellScriptBuildPhase;
			buildActionMask = 2147483647;
			files = (
			);
			inputFileListPaths = (
				"${PODS_ROOT}/Target Support Files/Pods-MedBot/Pods-MedBot-frameworks-${CONFIGURATION}-input-files.xcfilelist",
			);
			name = "[CP] Embed Pods Frameworks";
			outputFileListPaths = (
				"${PODS_ROOT}/Target Support Files/Pods-MedBot/Pods-MedBot-frameworks-${CONFIGURATION}-output-files.xcfilelist",
			);
			runOnlyForDeploymentPostprocessing = 0;
			shellPath = /bin/sh;
			shellScript = "\"${PODS_ROOT}/Target Support Files/Pods-MedBot/Pods-MedBot-frameworks.sh\"\n";
			showEnvVarsInLog = 0;
		};
		A55EABD7B0C7F3A422A6CC61 /* [CP] Check Pods Manifest.lock */ = {
			isa = PBXShellScriptBuildPhase;
			buildActionMask = 2147483647;
			files = (
			);
			inputFileListPaths = (
			);
			inputPaths = (
				"${PODS_PODFILE_DIR_PATH}/Podfile.lock",
				"${PODS_ROOT}/Manifest.lock",
			);
			name = "[CP] Check Pods Manifest.lock";
			outputFileListPaths = (
			);
			outputPaths = (
				"$(DERIVED_FILE_DIR)/Pods-MedBot-MedBotTests-checkManifestLockResult.txt",
			);
			runOnlyForDeploymentPostprocessing = 0;
			shellPath = /bin/sh;
			shellScript = "diff \"${PODS_PODFILE_DIR_PATH}/Podfile.lock\" \"${PODS_ROOT}/Manifest.lock\" > /dev/null\nif [ $? != 0 ] ; then\n    # print error to STDERR\n    echo \"error: The sandbox is not in sync with the Podfile.lock. Run 'pod install' or update your CocoaPods installation.\" >&2\n    exit 1\nfi\n# This output is used by Xcode 'outputs' to avoid re-running this script phase.\necho \"SUCCESS\" > \"${SCRIPT_OUTPUT_FILE_0}\"\n";
			showEnvVarsInLog = 0;
		};
		C38B50BA6285516D6DCD4F65 /* [CP] Check Pods Manifest.lock */ = {
			isa = PBXShellScriptBuildPhase;
			buildActionMask = 2147483647;
			files = (
			);
			inputFileListPaths = (
			);
			inputPaths = (
				"${PODS_PODFILE_DIR_PATH}/Podfile.lock",
				"${PODS_ROOT}/Manifest.lock",
			);
			name = "[CP] Check Pods Manifest.lock";
			outputFileListPaths = (
			);
			outputPaths = (
				"$(DERIVED_FILE_DIR)/Pods-MedBot-checkManifestLockResult.txt",
			);
			runOnlyForDeploymentPostprocessing = 0;
			shellPath = /bin/sh;
			shellScript = "diff \"${PODS_PODFILE_DIR_PATH}/Podfile.lock\" \"${PODS_ROOT}/Manifest.lock\" > /dev/null\nif [ $? != 0 ] ; then\n    # print error to STDERR\n    echo \"error: The sandbox is not in sync with the Podfile.lock. Run 'pod install' or update your CocoaPods installation.\" >&2\n    exit 1\nfi\n# This output is used by Xcode 'outputs' to avoid re-running this script phase.\necho \"SUCCESS\" > \"${SCRIPT_OUTPUT_FILE_0}\"\n";
			showEnvVarsInLog = 0;
		};
		C59DA0FBD6956966B86A3779 /* [CP] Embed Pods Frameworks */ = {
			isa = PBXShellScriptBuildPhase;
			buildActionMask = 2147483647;
			files = (
			);
			inputFileListPaths = (
				"${PODS_ROOT}/Target Support Files/Pods-MedBot-MedBotTests/Pods-MedBot-MedBotTests-frameworks-${CONFIGURATION}-input-files.xcfilelist",
			);
			name = "[CP] Embed Pods Frameworks";
			outputFileListPaths = (
				"${PODS_ROOT}/Target Support Files/Pods-MedBot-MedBotTests/Pods-MedBot-MedBotTests-frameworks-${CONFIGURATION}-output-files.xcfilelist",
			);
			runOnlyForDeploymentPostprocessing = 0;
			shellPath = /bin/sh;
			shellScript = "\"${PODS_ROOT}/Target Support Files/Pods-MedBot-MedBotTests/Pods-MedBot-MedBotTests-frameworks.sh\"\n";
			showEnvVarsInLog = 0;
		};
		E235C05ADACE081382539298 /* [CP] Copy Pods Resources */ = {
			isa = PBXShellScriptBuildPhase;
			buildActionMask = 2147483647;
			files = (
			);
			inputFileListPaths = (
				"${PODS_ROOT}/Target Support Files/Pods-MedBot/Pods-MedBot-resources-${CONFIGURATION}-input-files.xcfilelist",
			);
			name = "[CP] Copy Pods Resources";
			outputFileListPaths = (
				"${PODS_ROOT}/Target Support Files/Pods-MedBot/Pods-MedBot-resources-${CONFIGURATION}-output-files.xcfilelist",
			);
			runOnlyForDeploymentPostprocessing = 0;
			shellPath = /bin/sh;
			shellScript = "\"${PODS_ROOT}/Target Support Files/Pods-MedBot/Pods-MedBot-resources.sh\"\n";
			showEnvVarsInLog = 0;
		};
		F6A41C54EA430FDDC6A6ED99 /* [CP] Copy Pods Resources */ = {
			isa = PBXShellScriptBuildPhase;
			buildActionMask = 2147483647;
			files = (
			);
			inputFileListPaths = (
				"${PODS_ROOT}/Target Support Files/Pods-MedBot-MedBotTests/Pods-MedBot-MedBotTests-resources-${CONFIGURATION}-input-files.xcfilelist",
			);
			name = "[CP] Copy Pods Resources";
			outputFileListPaths = (
				"${PODS_ROOT}/Target Support Files/Pods-MedBot-MedBotTests/Pods-MedBot-MedBotTests-resources-${CONFIGURATION}-output-files.xcfilelist",
			);
			runOnlyForDeploymentPostprocessing = 0;
			shellPath = /bin/sh;
			shellScript = "\"${PODS_ROOT}/Target Support Files/Pods-MedBot-MedBotTests/Pods-MedBot-MedBotTests-resources.sh\"\n";
			showEnvVarsInLog = 0;
		};
/* End PBXShellScriptBuildPhase section */

/* Begin PBXSourcesBuildPhase section */
		00E356EA1AD99517003FC87E /* Sources */ = {
			isa = PBXSourcesBuildPhase;
			buildActionMask = 2147483647;
			files = (
				00E356F31AD99517003FC87E /* MedBotTests.m in Sources */,
			);
			runOnlyForDeploymentPostprocessing = 0;
		};
		13B07F871A680F5B00A75B9A /* Sources */ = {
			isa = PBXSourcesBuildPhase;
			buildActionMask = 2147483647;
			files = (
				13B07FBC1A68108700A75B9A /* AppDelegate.mm in Sources */,
				13B07FC11A68108700A75B9A /* main.m in Sources */,
			);
			runOnlyForDeploymentPostprocessing = 0;
		};
/* End PBXSourcesBuildPhase section */

/* Begin PBXTargetDependency section */
		00E356F51AD99517003FC87E /* PBXTargetDependency */ = {
			isa = PBXTargetDependency;
			target = 13B07F861A680F5B00A75B9A /* MedBot */;
			targetProxy = 00E356F41AD99517003FC87E /* PBXContainerItemProxy */;
		};
/* End PBXTargetDependency section */

/* Begin XCBuildConfiguration section */
		00E356F61AD99517003FC87E /* Debug */ = {
			isa = XCBuildConfiguration;
			baseConfigurationReference = 5B7EB9410499542E8C5724F5 /* Pods-MedBot-MedBotTests.debug.xcconfig */;
			buildSettings = {
				BUNDLE_LOADER = "$(TEST_HOST)";
				GCC_PREPROCESSOR_DEFINITIONS = (
					"DEBUG=1",
					"$(inherited)",
				);
				INFOPLIST_FILE = MedBotTests/Info.plist;
				IPHONEOS_DEPLOYMENT_TARGET = 13.4;
				LD_RUNPATH_SEARCH_PATHS = (
					"$(inherited)",
					"@executable_path/Frameworks",
					"@loader_path/Frameworks",
				);
				OTHER_LDFLAGS = (
					"-ObjC",
					"-lc++",
					"$(inherited)",
				);
				PRODUCT_BUNDLE_IDENTIFIER = "org.reactjs.native.example.$(PRODUCT_NAME:rfc1034identifier)";
				PRODUCT_NAME = "$(TARGET_NAME)";
				TEST_HOST = "$(BUILT_PRODUCTS_DIR)/MedBot.app/MedBot";
			};
			name = Debug;
		};
		00E356F71AD99517003FC87E /* Release */ = {
			isa = XCBuildConfiguration;
			baseConfigurationReference = 89C6BE57DB24E9ADA2F236DE /* Pods-MedBot-MedBotTests.release.xcconfig */;
			buildSettings = {
				BUNDLE_LOADER = "$(TEST_HOST)";
				COPY_PHASE_STRIP = NO;
				INFOPLIST_FILE = MedBotTests/Info.plist;
				IPHONEOS_DEPLOYMENT_TARGET = 13.4;
				LD_RUNPATH_SEARCH_PATHS = (
					"$(inherited)",
					"@executable_path/Frameworks",
					"@loader_path/Frameworks",
				);
				OTHER_LDFLAGS = (
					"-ObjC",
					"-lc++",
					"$(inherited)",
				);
				PRODUCT_BUNDLE_IDENTIFIER = "org.reactjs.native.example.$(PRODUCT_NAME:rfc1034identifier)";
				PRODUCT_NAME = "$(TARGET_NAME)";
				TEST_HOST = "$(BUILT_PRODUCTS_DIR)/MedBot.app/MedBot";
			};
			name = Release;
		};
		13B07F941A680F5B00A75B9A /* Debug */ = {
			isa = XCBuildConfiguration;
			baseConfigurationReference = 3B4392A12AC88292D35C810B /* Pods-MedBot.debug.xcconfig */;
			buildSettings = {
				ASSETCATALOG_COMPILER_APPICON_NAME = AppIcon;
				CLANG_ENABLE_MODULES = YES;
				CURRENT_PROJECT_VERSION = 1;
				ENABLE_BITCODE = NO;
				INFOPLIST_FILE = MedBot/Info.plist;
				LD_RUNPATH_SEARCH_PATHS = (
					"$(inherited)",
					"@executable_path/Frameworks",
				);
				MARKETING_VERSION = 1.0;
				OTHER_LDFLAGS = (
					"$(inherited)",
					"-ObjC",
					"-lc++",
				);
				PRODUCT_BUNDLE_IDENTIFIER = "org.reactjs.native.example.$(PRODUCT_NAME:rfc1034identifier)";
				PRODUCT_NAME = MedBot;
				SWIFT_OPTIMIZATION_LEVEL = "-Onone";
				SWIFT_VERSION = 5.0;
				VERSIONING_SYSTEM = "apple-generic";
			};
			name = Debug;
		};
		13B07F951A680F5B00A75B9A /* Release */ = {
			isa = XCBuildConfiguration;
			baseConfigurationReference = 5709B34CF0A7D63546082F79 /* Pods-MedBot.release.xcconfig */;
			buildSettings = {
				ASSETCATALOG_COMPILER_APPICON_NAME = AppIcon;
				CLANG_ENABLE_MODULES = YES;
				CURRENT_PROJECT_VERSION = 1;
				INFOPLIST_FILE = MedBot/Info.plist;
				LD_RUNPATH_SEARCH_PATHS = (
					"$(inherited)",
					"@executable_path/Frameworks",
				);
				MARKETING_VERSION = 1.0;
				OTHER_LDFLAGS = (
					"$(inherited)",
					"-ObjC",
					"-lc++",
				);
				PRODUCT_BUNDLE_IDENTIFIER = "org.reactjs.native.example.$(PRODUCT_NAME:rfc1034identifier)";
				PRODUCT_NAME = MedBot;
				SWIFT_VERSION = 5.0;
				VERSIONING_SYSTEM = "apple-generic";
			};
			name = Release;
		};
		83CBBA201A601CBA00E9B192 /* Debug */ = {
			isa = XCBuildConfiguration;
			buildSettings = {
				ALWAYS_SEARCH_USER_PATHS = NO;
				CLANG_ANALYZER_LOCALIZABILITY_NONLOCALIZED = YES;
				CLANG_CXX_LANGUAGE_STANDARD = "c++20";
				CLANG_CXX_LIBRARY = "libc++";
				CLANG_ENABLE_MODULES = YES;
				CLANG_ENABLE_OBJC_ARC = YES;
				CLANG_WARN_BLOCK_CAPTURE_AUTORELEASING = YES;
				CLANG_WARN_BOOL_CONVERSION = YES;
				CLANG_WARN_COMMA = YES;
				CLANG_WARN_CONSTANT_CONVERSION = YES;
				CLANG_WARN_DEPRECATED_OBJC_IMPLEMENTATIONS = YES;
				CLANG_WARN_DIRECT_OBJC_ISA_USAGE = YES_ERROR;
				CLANG_WARN_EMPTY_BODY = YES;
				CLANG_WARN_ENUM_CONVERSION = YES;
				CLANG_WARN_INFINITE_RECURSION = YES;
				CLANG_WARN_INT_CONVERSION = YES;
				CLANG_WARN_NON_LITERAL_NULL_CONVERSION = YES;
				CLANG_WARN_OBJC_IMPLICIT_RETAIN_SELF = YES;
				CLANG_WARN_OBJC_LITERAL_CONVERSION = YES;
				CLANG_WARN_OBJC_ROOT_CLASS = YES_ERROR;
				CLANG_WARN_QUOTED_INCLUDE_IN_FRAMEWORK_HEADER = YES;
				CLANG_WARN_RANGE_LOOP_ANALYSIS = YES;
				CLANG_WARN_STRICT_PROTOTYPES = YES;
				CLANG_WARN_SUSPICIOUS_MOVE = YES;
				CLANG_WARN_UNREACHABLE_CODE = YES;
				CLANG_WARN__DUPLICATE_METHOD_MATCH = YES;
				"CODE_SIGN_IDENTITY[sdk=iphoneos*]" = "iPhone Developer";
				COPY_PHASE_STRIP = NO;
				ENABLE_STRICT_OBJC_MSGSEND = YES;
				ENABLE_TESTABILITY = YES;
				"EXCLUDED_ARCHS[sdk=iphonesimulator*]" = "";
				GCC_C_LANGUAGE_STANDARD = gnu99;
				GCC_DYNAMIC_NO_PIC = NO;
				GCC_NO_COMMON_BLOCKS = YES;
				GCC_OPTIMIZATION_LEVEL = 0;
				GCC_PREPROCESSOR_DEFINITIONS = (
					"DEBUG=1",
					"$(inherited)",
				);
				GCC_SYMBOLS_PRIVATE_EXTERN = NO;
				GCC_WARN_64_TO_32_BIT_CONVERSION = YES;
				GCC_WARN_ABOUT_RETURN_TYPE = YES_ERROR;
				GCC_WARN_UNDECLARED_SELECTOR = YES;
				GCC_WARN_UNINITIALIZED_AUTOS = YES_AGGRESSIVE;
				GCC_WARN_UNUSED_FUNCTION = YES;
				GCC_WARN_UNUSED_VARIABLE = YES;
				IPHONEOS_DEPLOYMENT_TARGET = 13.4;
				LD_RUNPATH_SEARCH_PATHS = (
					/usr/lib/swift,
					"$(inherited)",
				);
				LIBRARY_SEARCH_PATHS = (
					"\"$(SDKROOT)/usr/lib/swift\"",
					"\"$(TOOLCHAIN_DIR)/usr/lib/swift/$(PLATFORM_NAME)\"",
					"\"$(inherited)\"",
				);
				MTL_ENABLE_DEBUG_INFO = YES;
				ONLY_ACTIVE_ARCH = YES;
				OTHER_CPLUSPLUSFLAGS = (
					"$(OTHER_CFLAGS)",
					"-DFOLLY_NO_CONFIG",
					"-DFOLLY_MOBILE=1",
					"-DFOLLY_USE_LIBCPP=1",
					"-DFOLLY_CFG_NO_COROUTINES=1",
				);
				SDKROOT = iphoneos;
			};
			name = Debug;
		};
		83CBBA211A601CBA00E9B192 /* Release */ = {
			isa = XCBuildConfiguration;
			buildSettings = {
				ALWAYS_SEARCH_USER_PATHS = NO;
				CLANG_ANALYZER_LOCALIZABILITY_NONLOCALIZED = YES;
				CLANG_CXX_LANGUAGE_STANDARD = "c++20";
				CLANG_CXX_LIBRARY = "libc++";
				CLANG_ENABLE_MODULES = YES;
				CLANG_ENABLE_OBJC_ARC = YES;
				CLANG_WARN_BLOCK_CAPTURE_AUTORELEASING = YES;
				CLANG_WARN_BOOL_CONVERSION = YES;
				CLANG_WARN_COMMA = YES;
				CLANG_WARN_CONSTANT_CONVERSION = YES;
				CLANG_WARN_DEPRECATED_OBJC_IMPLEMENTATIONS = YES;
				CLANG_WARN_DIRECT_OBJC_ISA_USAGE = YES_ERROR;
				CLANG_WARN_EMPTY_BODY = YES;
				CLANG_WARN_ENUM_CONVERSION = YES;
				CLANG_WARN_INFINITE_RECURSION = YES;
				CLANG_WARN_INT_CONVERSION = YES;
				CLANG_WARN_NON_LITERAL_NULL_CONVERSION = YES;
				CLANG_WARN_OBJC_IMPLICIT_RETAIN_SELF = YES;
				CLANG_WARN_OBJC_LITERAL_CONVERSION = YES;
				CLANG_WARN_OBJC_ROOT_CLASS = YES_ERROR;
				CLANG_WARN_QUOTED_INCLUDE_IN_FRAMEWORK_HEADER = YES;
				CLANG_WARN_RANGE_LOOP_ANALYSIS = YES;
				CLANG_WARN_STRICT_PROTOTYPES = YES;
				CLANG_WARN_SUSPICIOUS_MOVE = YES;
				CLANG_WARN_UNREACHABLE_CODE = YES;
				CLANG_WARN__DUPLICATE_METHOD_MATCH = YES;
				"CODE_SIGN_IDENTITY[sdk=iphoneos*]" = "iPhone Developer";
				COPY_PHASE_STRIP = YES;
				ENABLE_NS_ASSERTIONS = NO;
				ENABLE_STRICT_OBJC_MSGSEND = YES;
				"EXCLUDED_ARCHS[sdk=iphonesimulator*]" = "";
				GCC_C_LANGUAGE_STANDARD = gnu99;
				GCC_NO_COMMON_BLOCKS = YES;
				GCC_WARN_64_TO_32_BIT_CONVERSION = YES;
				GCC_WARN_ABOUT_RETURN_TYPE = YES_ERROR;
				GCC_WARN_UNDECLARED_SELECTOR = YES;
				GCC_WARN_UNINITIALIZED_AUTOS = YES_AGGRESSIVE;
				GCC_WARN_UNUSED_FUNCTION = YES;
				GCC_WARN_UNUSED_VARIABLE = YES;
				IPHONEOS_DEPLOYMENT_TARGET = 13.4;
				LD_RUNPATH_SEARCH_PATHS = (
					/usr/lib/swift,
					"$(inherited)",
				);
				LIBRARY_SEARCH_PATHS = (
					"\"$(SDKROOT)/usr/lib/swift\"",
					"\"$(TOOLCHAIN_DIR)/usr/lib/swift/$(PLATFORM_NAME)\"",
					"\"$(inherited)\"",
				);
				MTL_ENABLE_DEBUG_INFO = NO;
				OTHER_CPLUSPLUSFLAGS = (
					"$(OTHER_CFLAGS)",
					"-DFOLLY_NO_CONFIG",
					"-DFOLLY_MOBILE=1",
					"-DFOLLY_USE_LIBCPP=1",
					"-DFOLLY_CFG_NO_COROUTINES=1",
				);
				SDKROOT = iphoneos;
				VALIDATE_PRODUCT = YES;
			};
			name = Release;
		};
/* End XCBuildConfiguration section */

/* Begin XCConfigurationList section */
		00E357021AD99517003FC87E /* Build configuration list for PBXNativeTarget "MedBotTests" */ = {
			isa = XCConfigurationList;
			buildConfigurations = (
				00E356F61AD99517003FC87E /* Debug */,
				00E356F71AD99517003FC87E /* Release */,
			);
			defaultConfigurationIsVisible = 0;
			defaultConfigurationName = Release;
		};
		13B07F931A680F5B00A75B9A /* Build configuration list for PBXNativeTarget "MedBot" */ = {
			isa = XCConfigurationList;
			buildConfigurations = (
				13B07F941A680F5B00A75B9A /* Debug */,
				13B07F951A680F5B00A75B9A /* Release */,
			);
			defaultConfigurationIsVisible = 0;
			defaultConfigurationName = Release;
		};
		83CBB9FA1A601CBA00E9B192 /* Build configuration list for PBXProject "MedBot" */ = {
			isa = XCConfigurationList;
			buildConfigurations = (
				83CBBA201A601CBA00E9B192 /* Debug */,
				83CBBA211A601CBA00E9B192 /* Release */,
			);
			defaultConfigurationIsVisible = 0;
			defaultConfigurationName = Release;
		};
/* End XCConfigurationList section */
	};
	rootObject = 83CBB9F71A601CBA00E9B192 /* Project object */;
}
